
Microsoft Visual Studio Solution File, Format Version 12.00
# Visual Studio Version 17
VisualStudioVersion = 17.7.34018.315
MinimumVisualStudioVersion = 10.0.40219.1
Project("{FAE04EC0-301F-11D3-BF4B-00C04F79EFBC}") = "GrpcService", "GrpcService\GrpcService.csproj", "{F66588EC-076A-4F2E-9AEB-7AF13B7B38BB}"
EndProject
Project("{FAE04EC0-301F-11D3-BF4B-00C04F79EFBC}") = "GrpcClient", "GrpcClient\GrpcClient.csproj", "{DDC72CE1-0441-46BD-A273-4787C91AF5D2}"
EndProject
Global
	GlobalSection(SolutionConfigurationPlatforms) = preSolution
		Debug|Any CPU = Debug|Any CPU
		Release|Any CPU = Release|Any CPU
	EndGlobalSection
	GlobalSection(ProjectConfigurationPlatforms) = postSolution
		{F66588EC-076A-4F2E-9AEB-7AF13B7B38BB}.Debug|Any CPU.ActiveCfg = Debug|Any CPU
		{F66588EC-076A-4F2E-9AEB-7AF13B7B38BB}.Debug|Any CPU.Build.0 = Debug|Any CPU
		{F66588EC-076A-4F2E-9AEB-7AF13B7B38BB}.Release|Any CPU.ActiveCfg = Release|Any CPU
		{F66588EC-076A-4F2E-9AEB-7AF13B7B38BB}.Release|Any CPU.Build.0 = Release|Any CPU
		{DDC72CE1-0441-46BD-A273-4787C91AF5D2}.Debug|Any CPU.ActiveCfg = Debug|Any CPU
		{DDC72CE1-0441-46BD-A273-4787C91AF5D2}.Debug|Any CPU.Build.0 = Debug|Any CPU
		{DDC72CE1-0441-46BD-A273-4787C91AF5D2}.Release|Any CPU.ActiveCfg = Release|Any CPU
		{DDC72CE1-0441-46BD-A273-4787C91AF5D2}.Release|Any CPU.Build.0 = Release|Any CPU
	EndGlobalSection
	GlobalSection(SolutionProperties) = preSolution
		HideSolutionNode = FALSE
	EndGlobalSection
	GlobalSection(ExtensibilityGlobals) = postSolution
		SolutionGuid = {7C7442B3-162B-4DE1-BC41-69A8D28F2D50}
	EndGlobalSection
EndGlobal
